{
  "name": "vercel_express_serverless",
  "version": "1.0.0",
  "lockfileVersion": 3,
  "requires": true,
  "packages": {
    "": {
      "name": "vercel_express_serverless",
      "version": "1.0.0",
      "license": "MIT",
      "dependencies": {
        "micro-cors": "^0.1.1"
      }
    },
    "node_modules/micro-cors": {
      "version": "0.1.1",
      "resolved": "https://registry.npmjs.org/micro-cors/-/micro-cors-0.1.1.tgz",
      "integrity": "sha512-6WqIahA5sbQR1Gjexp1VuWGFDKbZZleJb/gy1khNGk18a6iN1FdTcr3Q8twaxkV5H94RjxIBjirYbWCehpMBFw==",
      "license": "MIT",
      "engines": {
        "node": ">=6"
      }
    }
  }
}
